// !$*UTF8*$!
{
	archiveVersion = 1;
	classes = {
	};
	objectVersion = 46;
	objects = {

/* Begin PBXBuildFile section */
		D50A261C1E545A7E00B0EDBC /* main.m in Sources */ = {isa = PBXBuildFile; fileRef = D50A261B1E545A7E00B0EDBC /* main.m */; };
		D50A261F1E545A7E00B0EDBC /* AppDelegate.m in Sources */ = {isa = PBXBuildFile; fileRef = D50A261E1E545A7E00B0EDBC /* AppDelegate.m */; };
		D50A26221E545A7E00B0EDBC /* ViewController.m in Sources */ = {isa = PBXBuildFile; fileRef = D50A26211E545A7E00B0EDBC /* ViewController.m */; };
		D50A26251E545A7E00B0EDBC /* Main.storyboard in Resources */ = {isa = PBXBuildFile; fileRef = D50A26231E545A7E00B0EDBC /* Main.storyboard */; };
		D50A26271E545A7E00B0EDBC /* Assets.xcassets in Resources */ = {isa = PBXBuildFile; fileRef = D50A26261E545A7E00B0EDBC /* Assets.xcassets */; };
		D50A262A1E545A7E00B0EDBC /* LaunchScreen.storyboard in Resources */ = {isa = PBXBuildFile; fileRef = D50A26281E545A7E00B0EDBC /* LaunchScreen.storyboard */; };
		D50A26331E54721600B0EDBC /* CoreLocation.framework in Frameworks */ = {isa = PBXBuildFile; fileRef = D50A26321E54721600B0EDBC /* CoreLocation.framework */; };
/* End PBXBuildFile section */

/* Begin PBXFileReference section */
		D50A26171E545A7E00B0EDBC /* MapsTutorial.app */ = {isa = PBXFileReference; explicitFileType = wrapper.application; includeInIndex = 0; path = MapsTutorial.app; sourceTree = BUILT_PRODUCTS_DIR; };
		D50A261B1E545A7E00B0EDBC /* main.m */ = {isa = PBXFileReference; lastKnownFileType = sourcecode.c.objc; path = main.m; sourceTree = "<group>"; };
		D50A261D1E545A7E00B0EDBC /* AppDelegate.h */ = {isa = PBXFileReference; lastKnownFileType = sourcecode.c.h; path = AppDelegate.h; sourceTree = "<group>"; };
		D50A261E1E545A7E00B0EDBC /* AppDelegate.m */ = {isa = PBXFileReference; lastKnownFileType = sourcecode.c.objc; path = AppDelegate.m; sourceTree = "<group>"; };
		D50A26201E545A7E00B0EDBC /* ViewController.h */ = {isa = PBXFileReference; lastKnownFileType = sourcecode.c.h; path = ViewController.h; sourceTree = "<group>"; };
		D50A26211E545A7E00B0EDBC /* ViewController.m */ = {isa = PBXFileReference; lastKnownFileType = sourcecode.c.objc; path = ViewController.m; sourceTree = "<group>"; };
		D50A26241E545A7E00B0EDBC /* Base */ = {isa = PBXFileReference; lastKnownFileType = file.storyboard; name = Base; path = Base.lproj/Main.storyboard; sourceTree = "<group>"; };
		D50A26261E545A7E00B0EDBC /* Assets.xcassets */ = {isa = PBXFileReference; lastKnownFileType = folder.assetcatalog; path = Assets.xcassets; sourceTree = "<group>"; };
		D50A26291E545A7E00B0EDBC /* Base */ = {isa = PBXFileReference; lastKnownFileType = file.storyboard; name = Base; path = Base.lproj/LaunchScreen.storyboard; sourceTree = "<group>"; };
		D50A262B1E545A7E00B0EDBC /* Info.plist */ = {isa = PBXFileReference; lastKnownFileType = text.plist.xml; path = Info.plist; sourceTree = "<group>"; };
		D50A26321E54721600B0EDBC /* CoreLocation.framework */ = {isa = PBXFileReference; lastKnownFileType = wrapper.framework; name = CoreLocation.framework; path = System/Library/Frameworks/CoreLocation.framework; sourceTree = SDKROOT; };
/* End PBXFileReference section */

/* Begin PBXFrameworksBuildPhase section */
		D50A26141E545A7E00B0EDBC /* Frameworks */ = {
			isa = PBXFrameworksBuildPhase;
			buildActionMask = 2147483647;
			files = (
				D50A26331E54721600B0EDBC /* CoreLocation.framework in Frameworks */,
			);
			runOnlyForDeploymentPostprocessing = 0;
		};
/* End PBXFrameworksBuildPhase section */

/* Begin PBXGroup section */
		D50A260E1E545A7E00B0EDBC = {
			isa = PBXGroup;
			children = (
				D50A26191E545A7E00B0EDBC /* MapsTutorial */,
				D50A26181E545A7E00B0EDBC /* Products */,
				D50A26311E54721600B0EDBC /* Frameworks */,
			);
			sourceTree = "<group>";
		};
		D50A26181E545A7E00B0EDBC /* Products */ = {
			isa = PBXGroup;
			children = (
				D50A26171E545A7E00B0EDBC /* MapsTutorial.app */,
			);
			name = Products;
			sourceTree = "<group>";
		};
		D50A26191E545A7E00B0EDBC /* MapsTutorial */ = {
			isa = PBXGroup;
			children = (
				D50A261D1E545A7E00B0EDBC /* AppDelegate.h */,
				D50A261E1E545A7E00B0EDBC /* AppDelegate.m */,
				D50A26201E545A7E00B0EDBC /* ViewController.h */,
				D50A26211E545A7E00B0EDBC /* ViewController.m */,
				D50A26231E545A7E00B0EDBC /* Main.storyboard */,
				D50A26261E545A7E00B0EDBC /* Assets.xcassets */,
				D50A26281E545A7E00B0EDBC /* LaunchScreen.storyboard */,
				D50A262B1E545A7E00B0EDBC /* Info.plist */,
				D50A261A1E545A7E00B0EDBC /* Supporting Files */,
			);
			path = MapsTutorial;
			sourceTree = "<group>";
		};
		D50A261A1E545A7E00B0EDBC /* Supporting Files */ = {
			isa = PBXGroup;
			children = (
				D50A261B1E545A7E00B0EDBC /* main.m */,
			);
			name = "Supporting Files";
			sourceTree = "<group>";
		};
		D50A26311E54721600B0EDBC /* Frameworks */ = {
			isa = PBXGroup;
			children = (
				D50A26321E54721600B0EDBC /* CoreLocation.framework */,
			);
			name = Frameworks;
			sourceTree = "<group>";
		};
/* End PBXGroup section */

/* Begin PBXNativeTarget section */
		D50A26161E545A7E00B0EDBC /* MapsTutorial */ = {
			isa = PBXNativeTarget;
			buildConfigurationList = D50A262E1E545A7E00B0EDBC /* Build configuration list for PBXNativeTarget "MapsTutorial" */;
			buildPhases = (
				D50A26131E545A7E00B0EDBC /* Sources */,
				D50A26141E545A7E00B0EDBC /* Frameworks */,
				D50A26151E545A7E00B0EDBC /* Resources */,
			);
			buildRules = (
			);
			dependencies = (
			);
			name = MapsTutorial;
			productName = MapsTutorial;
			productReference = D50A26171E545A7E00B0EDBC /* MapsTutorial.app */;
			productType = "com.apple.product-type.application";
		};
/* End PBXNativeTarget section */

/* Begin PBXProject section */
		D50A260F1E545A7E00B0EDBC /* Project object */ = {
			isa = PBXProject;
			attributes = {
				LastUpgradeCheck = 0820;
				ORGANIZATIONNAME = CodeBlood;
				TargetAttributes = {
					D50A26161E545A7E00B0EDBC = {
						CreatedOnToolsVersion = 8.2.1;
						ProvisioningStyle = Automatic;
					};
				};
			};
			buildConfigurationList = D50A26121E545A7E00B0EDBC /* Build configuration list for PBXProject "MapsTutorial" */;
			compatibilityVersion = "Xcode 3.2";
			developmentRegion = English;
			hasScannedForEncodings = 0;
			knownRegions = (
				en,
				Base,
			);
			mainGroup = D50A260E1E545A7E00B0EDBC;
			productRefGroup = D50A26181E545A7E00B0EDBC /* Products */;
			projectDirPath = "";
			projectRoot = "";
			targets = (
				D50A26161E545A7E00B0EDBC /* MapsTutorial */,
			);
		};
/* End PBXProject section */

/* Begin PBXResourcesBuildPhase section */
		D50A26151E545A7E00B0EDBC /* Resources */ = {
			isa = PBXResourcesBuildPhase;
			buildActionMask = 2147483647;
			files = (
				D50A262A1E545A7E00B0EDBC /* LaunchScreen.storyboard in Resources */,
				D50A26271E545A7E00B0EDBC /* Assets.xcassets in Resources */,
				D50A26251E545A7E00B0EDBC /* Main.storyboard in Resources */,
			);
			runOnlyForDeploymentPostprocessing = 0;
		};
/* End PBXResourcesBuildPhase section */

/* Begin PBXSourcesBuildPhase section */
		D50A26131E545A7E00B0EDBC /* Sources */ = {
			isa = PBXSourcesBuildPhase;
			buildActionMask = 2147483647;
			files = (
				D50A26221E545A7E00B0EDBC /* ViewController.m in Sources */,
				D50A261F1E545A7E00B0EDBC /* AppDelegate.m in Sources */,
				D50A261C1E545A7E00B0EDBC /* main.m in Sources */,
			);
			runOnlyForDeploymentPostprocessing = 0;
		};
/* End PBXSourcesBuildPhase section */

/* Begin PBXVariantGroup section */
		D50A26231E545A7E00B0EDBC /* Main.storyboard */ = {
			isa = PBXVariantGroup;
			children = (
				D50A26241E545A7E00B0EDBC /* Base */,
			);
			name = Main.storyboard;
			sourceTree = "<group>";
		};
		D50A26281E545A7E00B0EDBC /* LaunchScreen.storyboard */ = {
			isa = PBXVariantGroup;
			children = (
				D50A26291E545A7E00B0EDBC /* Base */,
			);
			name = LaunchScreen.storyboard;
			sourceTree = "<group>";
		};
/* End PBXVariantGroup section */

/* Begin XCBuildConfiguration section */
		D50A262C1E545A7E00B0EDBC /* Debug */ = {
			isa = XCBuildConfiguration;
			buildSettings = {
				ALWAYS_SEARCH_USER_PATHS = NO;
				CLANG_ANALYZER_NONNULL = YES;
				CLANG_CXX_LANGUAGE_STANDARD = "gnu++0x";
				CLANG_CXX_LIBRARY = "libc++";
				CLANG_ENABLE_MODULES = YES;
				CLANG_ENABLE_OBJC_ARC = YES;
				CLANG_WARN_BOOL_CONVERSION = YES;
				CLANG_WARN_CONSTANT_CONVERSION = YES;
				CLANG_WARN_DIRECT_OBJC_ISA_USAGE = YES_ERROR;
				CLANG_WARN_DOCUMENTATION_COMMENTS = YES;
				CLANG_WARN_EMPTY_BODY = YES;
				CLANG_WARN_ENUM_CONVERSION = YES;
				CLANG_WARN_INFINITE_RECURSION = YES;
				CLANG_WARN_INT_CONVERSION = YES;
				CLANG_WARN_OBJC_ROOT_CLASS = YES_ERROR;
				CLANG_WARN_SUSPICIOUS_MOVE = YES;
				CLANG_WARN_UNREACHABLE_CODE = YES;
				CLANG_WARN__DUPLICATE_METHOD_MATCH = YES;
				"CODE_SIGN_IDENTITY[sdk=iphoneos*]" = "iPhone Developer";
				COPY_PHASE_STRIP = NO;
				DEBUG_INFORMATION_FORMAT = dwarf;
				ENABLE_STRICT_OBJC_MSGSEND = YES;
				ENABLE_TESTABILITY = YES;
				GCC_C_LANGUAGE_STANDARD = gnu99;
				GCC_DYNAMIC_NO_PIC = NO;
				GCC_NO_COMMON_BLOCKS = YES;
				GCC_OPTIMIZATION_LEVEL = 0;
				GCC_PREPROCESSOR_DEFINITIONS = (
					"DEBUG=1",
					"$(inherited)",
				);
				GCC_WARN_64_TO_32_BIT_CONVERSION = YES;
				GCC_WARN_ABOUT_RETURN_TYPE = YES_ERROR;
				GCC_WARN_UNDECLARED_SELECTOR = YES;
				GCC_WARN_UNINITIALIZED_AUTOS = YES_AGGRESSIVE;
				GCC_WARN_UNUSED_FUNCTION = YES;
				GCC_WARN_UNUSED_VARIABLE = YES;
				IPHONEOS_DEPLOYMENT_TARGET = 10.2;
				MTL_ENABLE_DEBUG_INFO = YES;
				ONLY_ACTIVE_ARCH = YES;
				SDKROOT = iphoneos;
				TARGETED_DEVICE_FAMILY = "1,2";
			};
			name = Debug;
		};
		D50A262D1E545A7E00B0EDBC /* Release */ = {
			isa = XCBuildConfiguration;
			buildSettings = {
				ALWAYS_SEARCH_USER_PATHS = NO;
				CLANG_ANALYZER_NONNULL = YES;
				CLANG_CXX_LANGUAGE_STANDARD = "gnu++0x";
				CLANG_CXX_LIBRARY = "libc++";
				CLANG_ENABLE_MODULES = YES;
				CLANG_ENABLE_OBJC_ARC = YES;
				CLANG_WARN_BOOL_CONVERSION = YES;
				CLANG_WARN_CONSTANT_CONVERSION = YES;
				CLANG_WARN_DIRECT_OBJC_ISA_USAGE = YES_ERROR;
				CLANG_WARN_DOCUMENTATION_COMMENTS = YES;
				CLANG_WARN_EMPTY_BODY = YES;
				CLANG_WARN_ENUM_CONVERSION = YES;
				CLANG_WARN_INFINITE_RECURSION = YES;
				CLANG_WARN_INT_CONVERSION = YES;
				CLANG_WARN_OBJC_ROOT_CLASS = YES_ERROR;
				CLANG_WARN_SUSPICIOUS_MOVE = YES;
				CLANG_WARN_UNREACHABLE_CODE = YES;
				CLANG_WARN__DUPLICATE_METHOD_MATCH = YES;
				"CODE_SIGN_IDENTITY[sdk=iphoneos*]" = "iPhone Developer";
				COPY_PHASE_STRIP = NO;
				DEBUG_INFORMATION_FORMAT = "dwarf-with-dsym";
				ENABLE_NS_ASSERTIONS = NO;
				ENABLE_STRICT_OBJC_MSGSEND = YES;
				GCC_C_LANGUAGE_STANDARD = gnu99;
				GCC_NO_COMMON_BLOCKS = YES;
				GCC_WARN_64_TO_32_BIT_CONVERSION = YES;
				GCC_WARN_ABOUT_RETURN_TYPE = YES_ERROR;
				GCC_WARN_UNDECLARED_SELECTOR = YES;
				GCC_WARN_UNINITIALIZED_AUTOS = YES_AGGRESSIVE;
				GCC_WARN_UNUSED_FUNCTION = YES;
				GCC_WARN_UNUSED_VARIABLE = YES;
				IPHONEOS_DEPLOYMENT_TARGET = 10.2;
				MTL_ENABLE_DEBUG_INFO = NO;
				SDKROOT = iphoneos;
				TARGETED_DEVICE_FAMILY = "1,2";
				VALIDATE_PRODUCT = YES;
			};
			name = Release;
		};
		D50A262F1E545A7E00B0EDBC /* Debug */ = {
			isa = XCBuildConfiguration;
			buildSettings = {
				ASSETCATALOG_COMPILER_APPICON_NAME = AppIcon;
				INFOPLIST_FILE = MapsTutorial/Info.plist;
				LD_RUNPATH_SEARCH_PATHS = "$(inherited) @executable_path/Frameworks";
				PRODUCT_BUNDLE_IDENTIFIER = com.codeblood.MapsTutorial;
				PRODUCT_NAME = "$(TARGET_NAME)";
			};
			name = Debug;
		};
		D50A26301E545A7E00B0EDBC /* Release */ = {
			isa = XCBuildConfiguration;
			buildSettings = {
				ASSETCATALOG_COMPILER_APPICON_NAME = AppIcon;
				INFOPLIST_FILE = MapsTutorial/Info.plist;
				LD_RUNPATH_SEARCH_PATHS = "$(inherited) @executable_path/Frameworks";
				PRODUCT_BUNDLE_IDENTIFIER = com.codeblood.MapsTutorial;
				PRODUCT_NAME = "$(TARGET_NAME)";
			};
			name = Release;
		};
/* End XCBuildConfiguration section */

/* Begin XCConfigurationList section */
		D50A26121E545A7E00B0EDBC /* Build configuration list for PBXProject "MapsTutorial" */ = {
			isa = XCConfigurationList;
			buildConfigurations = (
				D50A262C1E545A7E00B0EDBC /* Debug */,
				D50A262D1E545A7E00B0EDBC /* Release */,
			);
			defaultConfigurationIsVisible = 0;
			defaultConfigurationName = Release;
		};
		D50A262E1E545A7E00B0EDBC /* Build configuration list for PBXNativeTarget "MapsTutorial" */ = {
			isa = XCConfigurationList;
			buildConfigurations = (
				D50A262F1E545A7E00B0EDBC /* Debug */,
				D50A26301E545A7E00B0EDBC /* Release */,
			);
			defaultConfigurationIsVisible = 0;
		};
/* End XCConfigurationList section */
	};
	rootObject = D50A260F1E545A7E00B0EDBC /* Project object */;
}
